<?xml version="1.0" encoding="utf-8"?>
<Project ToolsVersion="4.0" xmlns="http://schemas.microsoft.com/developer/msbuild/2003">
  <ItemGroup>
    <ClCompile Include="..\..\..\Main.cpp" />
    <ClCompile Include="Grid.cpp" />
    <ClCompile Include="Apple.cpp" />
    <ClCompile Include="WholeSnake.cpp" />
    <ClCompile Include="SnakeBodyPart.cpp" />
    <ClCompile Include="..\MathHelper.cpp" />
  </ItemGroup>
  <ItemGroup>
    <ClInclude Include="resource.h" />
    <ClInclude Include="..\Grid.h" />
    <ClInclude Include="..\MathHelper.h" />
    <ClInclude Include="..\Apple.h" />
    <ClInclude Include="..\RectangleInt.h" />
    <ClInclude Include="..\Collisions.h" />
    <ClInclude Include="..\..\..\..\..\..\..\Desktop\ARTFX\CPP Projects\Snake_cpp\projects\VS2017\WholeSnake.h" />
    <ClInclude Include="..\..\..\..\..\..\..\Desktop\ARTFX\CPP Projects\Snake_cpp\projects\VS2017\SnakeBodyPart.h" />
  </ItemGroup>
  <ItemGroup>
    <ResourceCompile Include="Game.rc" />
  </ItemGroup>
</Project>